// !$*UTF8*$!
{
	archiveVersion = 1;
	classes = {
	};
	objectVersion = 55;
	objects = {

/* Begin PBXBuildFile section */
		CF37D2FC287F7E9900A33F3B /* AppDelegate.swift in Sources */ = {isa = PBXBuildFile; fileRef = CF37D2FB287F7E9900A33F3B /* AppDelegate.swift */; };
		CF37D2FE287F7E9900A33F3B /* SceneDelegate.swift in Sources */ = {isa = PBXBuildFile; fileRef = CF37D2FD287F7E9900A33F3B /* SceneDelegate.swift */; };
		CF37D300287F7E9900A33F3B /* ListaLembreteViewController.swift in Sources */ = {isa = PBXBuildFile; fileRef = CF37D2FF287F7E9900A33F3B /* ListaLembreteViewController.swift */; };
		CF37D303287F7E9900A33F3B /* Main.storyboard in Resources */ = {isa = PBXBuildFile; fileRef = CF37D301287F7E9900A33F3B /* Main.storyboard */; };
		CF37D305287F7E9900A33F3B /* Assets.xcassets in Resources */ = {isa = PBXBuildFile; fileRef = CF37D304287F7E9900A33F3B /* Assets.xcassets */; };
		CF37D308287F7E9900A33F3B /* LaunchScreen.storyboard in Resources */ = {isa = PBXBuildFile; fileRef = CF37D306287F7E9900A33F3B /* LaunchScreen.storyboard */; };
		CF37D310287F7EF900A33F3B /* Lembrete.swift in Sources */ = {isa = PBXBuildFile; fileRef = CF37D30F287F7EF900A33F3B /* Lembrete.swift */; };
		CF37D312287F840A00A33F3B /* LembreteCell.swift in Sources */ = {isa = PBXBuildFile; fileRef = CF37D311287F840A00A33F3B /* LembreteCell.swift */; };
		CF37D314287F874000A33F3B /* ListaLembretesViewModel.swift in Sources */ = {isa = PBXBuildFile; fileRef = CF37D313287F874000A33F3B /* ListaLembretesViewModel.swift */; };
		CF65B16528875D79002446DA /* DetalheLembreteViewController.swift in Sources */ = {isa = PBXBuildFile; fileRef = CF65B16428875D79002446DA /* DetalheLembreteViewController.swift */; };
		CF65B16728876029002446DA /* LembreteCellViewModel.swift in Sources */ = {isa = PBXBuildFile; fileRef = CF65B16628876029002446DA /* LembreteCellViewModel.swift */; };
/* End PBXBuildFile section */

/* Begin PBXFileReference section */
		CF37D2F8287F7E9900A33F3B /* AppMVVMTodayDIO.app */ = {isa = PBXFileReference; explicitFileType = wrapper.application; includeInIndex = 0; path = AppMVVMTodayDIO.app; sourceTree = BUILT_PRODUCTS_DIR; };
		CF37D2FB287F7E9900A33F3B /* AppDelegate.swift */ = {isa = PBXFileReference; lastKnownFileType = sourcecode.swift; path = AppDelegate.swift; sourceTree = "<group>"; };
		CF37D2FD287F7E9900A33F3B /* SceneDelegate.swift */ = {isa = PBXFileReference; lastKnownFileType = sourcecode.swift; path = SceneDelegate.swift; sourceTree = "<group>"; };
		CF37D2FF287F7E9900A33F3B /* ListaLembreteViewController.swift */ = {isa = PBXFileReference; lastKnownFileType = sourcecode.swift; path = ListaLembreteViewController.swift; sourceTree = "<group>"; };
		CF37D302287F7E9900A33F3B /* Base */ = {isa = PBXFileReference; lastKnownFileType = file.storyboard; name = Base; path = Base.lproj/Main.storyboard; sourceTree = "<group>"; };
		CF37D304287F7E9900A33F3B /* Assets.xcassets */ = {isa = PBXFileReference; lastKnownFileType = folder.assetcatalog; path = Assets.xcassets; sourceTree = "<group>"; };
		CF37D307287F7E9900A33F3B /* Base */ = {isa = PBXFileReference; lastKnownFileType = file.storyboard; name = Base; path = Base.lproj/LaunchScreen.storyboard; sourceTree = "<group>"; };
		CF37D309287F7E9900A33F3B /* Info.plist */ = {isa = PBXFileReference; lastKnownFileType = text.plist.xml; path = Info.plist; sourceTree = "<group>"; };
		CF37D30F287F7EF900A33F3B /* Lembrete.swift */ = {isa = PBXFileReference; lastKnownFileType = sourcecode.swift; path = Lembrete.swift; sourceTree = "<group>"; };
		CF37D311287F840A00A33F3B /* LembreteCell.swift */ = {isa = PBXFileReference; lastKnownFileType = sourcecode.swift; path = LembreteCell.swift; sourceTree = "<group>"; };
		CF37D313287F874000A33F3B /* ListaLembretesViewModel.swift */ = {isa = PBXFileReference; lastKnownFileType = sourcecode.swift; path = ListaLembretesViewModel.swift; sourceTree = "<group>"; };
		CF65B16428875D79002446DA /* DetalheLembreteViewController.swift */ = {isa = PBXFileReference; lastKnownFileType = sourcecode.swift; path = DetalheLembreteViewController.swift; sourceTree = "<group>"; };
		CF65B16628876029002446DA /* LembreteCellViewModel.swift */ = {isa = PBXFileReference; lastKnownFileType = sourcecode.swift; path = LembreteCellViewModel.swift; sourceTree = "<group>"; };
/* End PBXFileReference section */

/* Begin PBXFrameworksBuildPhase section */
		CF37D2F5287F7E9900A33F3B /* Frameworks */ = {
			isa = PBXFrameworksBuildPhase;
			buildActionMask = 2147483647;
			files = (
			);
			runOnlyForDeploymentPostprocessing = 0;
		};
/* End PBXFrameworksBuildPhase section */

/* Begin PBXGroup section */
		CF37D2EF287F7E9900A33F3B = {
			isa = PBXGroup;
			children = (
				CF37D2FA287F7E9900A33F3B /* AppMVVMTodayDIO */,
				CF37D2F9287F7E9900A33F3B /* Products */,
			);
			sourceTree = "<group>";
		};
		CF37D2F9287F7E9900A33F3B /* Products */ = {
			isa = PBXGroup;
			children = (
				CF37D2F8287F7E9900A33F3B /* AppMVVMTodayDIO.app */,
			);
			name = Products;
			sourceTree = "<group>";
		};
		CF37D2FA287F7E9900A33F3B /* AppMVVMTodayDIO */ = {
			isa = PBXGroup;
			children = (
				CF37D2FB287F7E9900A33F3B /* AppDelegate.swift */,
				CF37D2FD287F7E9900A33F3B /* SceneDelegate.swift */,
				CF37D2FF287F7E9900A33F3B /* ListaLembreteViewController.swift */,
				CF37D30F287F7EF900A33F3B /* Lembrete.swift */,
				CF37D301287F7E9900A33F3B /* Main.storyboard */,
				CF37D304287F7E9900A33F3B /* Assets.xcassets */,
				CF37D306287F7E9900A33F3B /* LaunchScreen.storyboard */,
				CF37D309287F7E9900A33F3B /* Info.plist */,
				CF37D311287F840A00A33F3B /* LembreteCell.swift */,
				CF37D313287F874000A33F3B /* ListaLembretesViewModel.swift */,
				CF65B16428875D79002446DA /* DetalheLembreteViewController.swift */,
				CF65B16628876029002446DA /* LembreteCellViewModel.swift */,
			);
			path = AppMVVMTodayDIO;
			sourceTree = "<group>";
		};
/* End PBXGroup section */

/* Begin PBXNativeTarget section */
		CF37D2F7287F7E9900A33F3B /* AppMVVMTodayDIO */ = {
			isa = PBXNativeTarget;
			buildConfigurationList = CF37D30C287F7E9900A33F3B /* Build configuration list for PBXNativeTarget "AppMVVMTodayDIO" */;
			buildPhases = (
				CF37D2F4287F7E9900A33F3B /* Sources */,
				CF37D2F5287F7E9900A33F3B /* Frameworks */,
				CF37D2F6287F7E9900A33F3B /* Resources */,
			);
			buildRules = (
			);
			dependencies = (
			);
			name = AppMVVMTodayDIO;
			productName = AppMVVMTodayDIO;
			productReference = CF37D2F8287F7E9900A33F3B /* AppMVVMTodayDIO.app */;
			productType = "com.apple.product-type.application";
		};
/* End PBXNativeTarget section */

/* Begin PBXProject section */
		CF37D2F0287F7E9900A33F3B /* Project object */ = {
			isa = PBXProject;
			attributes = {
				BuildIndependentTargetsInParallel = 1;
				LastSwiftUpdateCheck = 1340;
				LastUpgradeCheck = 1340;
				TargetAttributes = {
					CF37D2F7287F7E9900A33F3B = {
						CreatedOnToolsVersion = 13.4.1;
					};
				};
			};
			buildConfigurationList = CF37D2F3287F7E9900A33F3B /* Build configuration list for PBXProject "AppMVVMTodayDIO" */;
			compatibilityVersion = "Xcode 13.0";
			developmentRegion = en;
			hasScannedForEncodings = 0;
			knownRegions = (
				en,
				Base,
			);
			mainGroup = CF37D2EF287F7E9900A33F3B;
			productRefGroup = CF37D2F9287F7E9900A33F3B /* Products */;
			projectDirPath = "";
			projectRoot = "";
			targets = (
				CF37D2F7287F7E9900A33F3B /* AppMVVMTodayDIO */,
			);
		};
/* End PBXProject section */

/* Begin PBXResourcesBuildPhase section */
		CF37D2F6287F7E9900A33F3B /* Resources */ = {
			isa = PBXResourcesBuildPhase;
			buildActionMask = 2147483647;
			files = (
				CF37D308287F7E9900A33F3B /* LaunchScreen.storyboard in Resources */,
				CF37D305287F7E9900A33F3B /* Assets.xcassets in Resources */,
				CF37D303287F7E9900A33F3B /* Main.storyboard in Resources */,
			);
			runOnlyForDeploymentPostprocessing = 0;
		};
/* End PBXResourcesBuildPhase section */

/* Begin PBXSourcesBuildPhase section */
		CF37D2F4287F7E9900A33F3B /* Sources */ = {
			isa = PBXSourcesBuildPhase;
			buildActionMask = 2147483647;
			files = (
				CF37D300287F7E9900A33F3B /* ListaLembreteViewController.swift in Sources */,
				CF37D310287F7EF900A33F3B /* Lembrete.swift in Sources */,
				CF65B16728876029002446DA /* LembreteCellViewModel.swift in Sources */,
				CF37D314287F874000A33F3B /* ListaLembretesViewModel.swift in Sources */,
				CF37D2FC287F7E9900A33F3B /* AppDelegate.swift in Sources */,
				CF37D312287F840A00A33F3B /* LembreteCell.swift in Sources */,
				CF37D2FE287F7E9900A33F3B /* SceneDelegate.swift in Sources */,
				CF65B16528875D79002446DA /* DetalheLembreteViewController.swift in Sources */,
			);
			runOnlyForDeploymentPostprocessing = 0;
		};
/* End PBXSourcesBuildPhase section */

/* Begin PBXVariantGroup section */
		CF37D301287F7E9900A33F3B /* Main.storyboard */ = {
			isa = PBXVariantGroup;
			children = (
				CF37D302287F7E9900A33F3B /* Base */,
			);
			name = Main.storyboard;
			sourceTree = "<group>";
		};
		CF37D306287F7E9900A33F3B /* LaunchScreen.storyboard */ = {
			isa = PBXVariantGroup;
			children = (
				CF37D307287F7E9900A33F3B /* Base */,
			);
			name = LaunchScreen.storyboard;
			sourceTree = "<group>";
		};
/* End PBXVariantGroup section */

/* Begin XCBuildConfiguration section */
		CF37D30A287F7E9900A33F3B /* Debug */ = {
			isa = XCBuildConfiguration;
			buildSettings = {
				ALWAYS_SEARCH_USER_PATHS = NO;
				CLANG_ANALYZER_NONNULL = YES;
				CLANG_ANALYZER_NUMBER_OBJECT_CONVERSION = YES_AGGRESSIVE;
				CLANG_CXX_LANGUAGE_STANDARD = "gnu++17";
				CLANG_ENABLE_MODULES = YES;
				CLANG_ENABLE_OBJC_ARC = YES;
				CLANG_ENABLE_OBJC_WEAK = YES;
				CLANG_WARN_BLOCK_CAPTURE_AUTORELEASING = YES;
				CLANG_WARN_BOOL_CONVERSION = YES;
				CLANG_WARN_COMMA = YES;
				CLANG_WARN_CONSTANT_CONVERSION = YES;
				CLANG_WARN_DEPRECATED_OBJC_IMPLEMENTATIONS = YES;
				CLANG_WARN_DIRECT_OBJC_ISA_USAGE = YES_ERROR;
				CLANG_WARN_DOCUMENTATION_COMMENTS = YES;
				CLANG_WARN_EMPTY_BODY = YES;
				CLANG_WARN_ENUM_CONVERSION = YES;
				CLANG_WARN_INFINITE_RECURSION = YES;
				CLANG_WARN_INT_CONVERSION = YES;
				CLANG_WARN_NON_LITERAL_NULL_CONVERSION = YES;
				CLANG_WARN_OBJC_IMPLICIT_RETAIN_SELF = YES;
				CLANG_WARN_OBJC_LITERAL_CONVERSION = YES;
				CLANG_WARN_OBJC_ROOT_CLASS = YES_ERROR;
				CLANG_WARN_QUOTED_INCLUDE_IN_FRAMEWORK_HEADER = YES;
				CLANG_WARN_RANGE_LOOP_ANALYSIS = YES;
				CLANG_WARN_STRICT_PROTOTYPES = YES;
				CLANG_WARN_SUSPICIOUS_MOVE = YES;
				CLANG_WARN_UNGUARDED_AVAILABILITY = YES_AGGRESSIVE;
				CLANG_WARN_UNREACHABLE_CODE = YES;
				CLANG_WARN__DUPLICATE_METHOD_MATCH = YES;
				COPY_PHASE_STRIP = NO;
				DEBUG_INFORMATION_FORMAT = dwarf;
				ENABLE_STRICT_OBJC_MSGSEND = YES;
				ENABLE_TESTABILITY = YES;
				GCC_C_LANGUAGE_STANDARD = gnu11;
				GCC_DYNAMIC_NO_PIC = NO;
				GCC_NO_COMMON_BLOCKS = YES;
				GCC_OPTIMIZATION_LEVEL = 0;
				GCC_PREPROCESSOR_DEFINITIONS = (
					"DEBUG=1",
					"$(inherited)",
				);
				GCC_WARN_64_TO_32_BIT_CONVERSION = YES;
				GCC_WARN_ABOUT_RETURN_TYPE = YES_ERROR;
				GCC_WARN_UNDECLARED_SELECTOR = YES;
				GCC_WARN_UNINITIALIZED_AUTOS = YES_AGGRESSIVE;
				GCC_WARN_UNUSED_FUNCTION = YES;
				GCC_WARN_UNUSED_VARIABLE = YES;
				IPHONEOS_DEPLOYMENT_TARGET = 15.5;
				MTL_ENABLE_DEBUG_INFO = INCLUDE_SOURCE;
				MTL_FAST_MATH = YES;
				ONLY_ACTIVE_ARCH = YES;
				SDKROOT = iphoneos;
				SWIFT_ACTIVE_COMPILATION_CONDITIONS = DEBUG;
				SWIFT_OPTIMIZATION_LEVEL = "-Onone";
			};
			name = Debug;
		};
		CF37D30B287F7E9900A33F3B /* Release */ = {
			isa = XCBuildConfiguration;
			buildSettings = {
				ALWAYS_SEARCH_USER_PATHS = NO;
				CLANG_ANALYZER_NONNULL = YES;
				CLANG_ANALYZER_NUMBER_OBJECT_CONVERSION = YES_AGGRESSIVE;
				CLANG_CXX_LANGUAGE_STANDARD = "gnu++17";
				CLANG_ENABLE_MODULES = YES;
				CLANG_ENABLE_OBJC_ARC = YES;
				CLANG_ENABLE_OBJC_WEAK = YES;
				CLANG_WARN_BLOCK_CAPTURE_AUTORELEASING = YES;
				CLANG_WARN_BOOL_CONVERSION = YES;
				CLANG_WARN_COMMA = YES;
				CLANG_WARN_CONSTANT_CONVERSION = YES;
				CLANG_WARN_DEPRECATED_OBJC_IMPLEMENTATIONS = YES;
				CLANG_WARN_DIRECT_OBJC_ISA_USAGE = YES_ERROR;
				CLANG_WARN_DOCUMENTATION_COMMENTS = YES;
				CLANG_WARN_EMPTY_BODY = YES;
				CLANG_WARN_ENUM_CONVERSION = YES;
				CLANG_WARN_INFINITE_RECURSION = YES;
				CLANG_WARN_INT_CONVERSION = YES;
				CLANG_WARN_NON_LITERAL_NULL_CONVERSION = YES;
				CLANG_WARN_OBJC_IMPLICIT_RETAIN_SELF = YES;
				CLANG_WARN_OBJC_LITERAL_CONVERSION = YES;
				CLANG_WARN_OBJC_ROOT_CLASS = YES_ERROR;
				CLANG_WARN_QUOTED_INCLUDE_IN_FRAMEWORK_HEADER = YES;
				CLANG_WARN_RANGE_LOOP_ANALYSIS = YES;
				CLANG_WARN_STRICT_PROTOTYPES = YES;
				CLANG_WARN_SUSPICIOUS_MOVE = YES;
				CLANG_WARN_UNGUARDED_AVAILABILITY = YES_AGGRESSIVE;
				CLANG_WARN_UNREACHABLE_CODE = YES;
				CLANG_WARN__DUPLICATE_METHOD_MATCH = YES;
				COPY_PHASE_STRIP = NO;
				DEBUG_INFORMATION_FORMAT = "dwarf-with-dsym";
				ENABLE_NS_ASSERTIONS = NO;
				ENABLE_STRICT_OBJC_MSGSEND = YES;
				GCC_C_LANGUAGE_STANDARD = gnu11;
				GCC_NO_COMMON_BLOCKS = YES;
				GCC_WARN_64_TO_32_BIT_CONVERSION = YES;
				GCC_WARN_ABOUT_RETURN_TYPE = YES_ERROR;
				GCC_WARN_UNDECLARED_SELECTOR = YES;
				GCC_WARN_UNINITIALIZED_AUTOS = YES_AGGRESSIVE;
				GCC_WARN_UNUSED_FUNCTION = YES;
				GCC_WARN_UNUSED_VARIABLE = YES;
				IPHONEOS_DEPLOYMENT_TARGET = 15.5;
				MTL_ENABLE_DEBUG_INFO = NO;
				MTL_FAST_MATH = YES;
				SDKROOT = iphoneos;
				SWIFT_COMPILATION_MODE = wholemodule;
				SWIFT_OPTIMIZATION_LEVEL = "-O";
				VALIDATE_PRODUCT = YES;
			};
			name = Release;
		};
		CF37D30D287F7E9900A33F3B /* Debug */ = {
			isa = XCBuildConfiguration;
			buildSettings = {
				ASSETCATALOG_COMPILER_APPICON_NAME = AppIcon;
				ASSETCATALOG_COMPILER_GLOBAL_ACCENT_COLOR_NAME = AccentColor;
				CODE_SIGN_STYLE = Automatic;
				CURRENT_PROJECT_VERSION = 1;
				GENERATE_INFOPLIST_FILE = YES;
				INFOPLIST_FILE = AppMVVMTodayDIO/Info.plist;
				INFOPLIST_KEY_UIApplicationSupportsIndirectInputEvents = YES;
				INFOPLIST_KEY_UILaunchStoryboardName = LaunchScreen;
				INFOPLIST_KEY_UIMainStoryboardFile = Main;
				INFOPLIST_KEY_UISupportedInterfaceOrientations_iPad = "UIInterfaceOrientationPortrait UIInterfaceOrientationPortraitUpsideDown UIInterfaceOrientationLandscapeLeft UIInterfaceOrientationLandscapeRight";
				INFOPLIST_KEY_UISupportedInterfaceOrientations_iPhone = "UIInterfaceOrientationPortrait UIInterfaceOrientationLandscapeLeft UIInterfaceOrientationLandscapeRight";
				LD_RUNPATH_SEARCH_PATHS = (
					"$(inherited)",
					"@executable_path/Frameworks",
				);
				MARKETING_VERSION = 1.0;
				PRODUCT_BUNDLE_IDENTIFIER = kauekaj.AppMVVMTodayDIO;
				PRODUCT_NAME = "$(TARGET_NAME)";
				SWIFT_EMIT_LOC_STRINGS = YES;
				SWIFT_VERSION = 5.0;
				TARGETED_DEVICE_FAMILY = "1,2";
			};
			name = Debug;
		};
		CF37D30E287F7E9900A33F3B /* Release */ = {
			isa = XCBuildConfiguration;
			buildSettings = {
				ASSETCATALOG_COMPILER_APPICON_NAME = AppIcon;
				ASSETCATALOG_COMPILER_GLOBAL_ACCENT_COLOR_NAME = AccentColor;
				CODE_SIGN_STYLE = Automatic;
				CURRENT_PROJECT_VERSION = 1;
				GENERATE_INFOPLIST_FILE = YES;
				INFOPLIST_FILE = AppMVVMTodayDIO/Info.plist;
				INFOPLIST_KEY_UIApplicationSupportsIndirectInputEvents = YES;
				INFOPLIST_KEY_UILaunchStoryboardName = LaunchScreen;
				INFOPLIST_KEY_UIMainStoryboardFile = Main;
				INFOPLIST_KEY_UISupportedInterfaceOrientations_iPad = "UIInterfaceOrientationPortrait UIInterfaceOrientationPortraitUpsideDown UIInterfaceOrientationLandscapeLeft UIInterfaceOrientationLandscapeRight";
				INFOPLIST_KEY_UISupportedInterfaceOrientations_iPhone = "UIInterfaceOrientationPortrait UIInterfaceOrientationLandscapeLeft UIInterfaceOrientationLandscapeRight";
				LD_RUNPATH_SEARCH_PATHS = (
					"$(inherited)",
					"@executable_path/Frameworks",
				);
				MARKETING_VERSION = 1.0;
				PRODUCT_BUNDLE_IDENTIFIER = kauekaj.AppMVVMTodayDIO;
				PRODUCT_NAME = "$(TARGET_NAME)";
				SWIFT_EMIT_LOC_STRINGS = YES;
				SWIFT_VERSION = 5.0;
				TARGETED_DEVICE_FAMILY = "1,2";
			};
			name = Release;
		};
/* End XCBuildConfiguration section */

/* Begin XCConfigurationList section */
		CF37D2F3287F7E9900A33F3B /* Build configuration list for PBXProject "AppMVVMTodayDIO" */ = {
			isa = XCConfigurationList;
			buildConfigurations = (
				CF37D30A287F7E9900A33F3B /* Debug */,
				CF37D30B287F7E9900A33F3B /* Release */,
			);
			defaultConfigurationIsVisible = 0;
			defaultConfigurationName = Release;
		};
		CF37D30C287F7E9900A33F3B /* Build configuration list for PBXNativeTarget "AppMVVMTodayDIO" */ = {
			isa = XCConfigurationList;
			buildConfigurations = (
				CF37D30D287F7E9900A33F3B /* Debug */,
				CF37D30E287F7E9900A33F3B /* Release */,
			);
			defaultConfigurationIsVisible = 0;
			defaultConfigurationName = Release;
		};
/* End XCConfigurationList section */
	};
	rootObject = CF37D2F0287F7E9900A33F3B /* Project object */;
}
