// !$*UTF8*$!
{
	archiveVersion = 1;
	classes = {
	};
	objectVersion = 55;
	objects = {

/* Begin PBXBuildFile section */
		CF12763C287638E300D2F308 /* SourceModel.swift in Sources */ = {isa = PBXBuildFile; fileRef = CF12763B287638E300D2F308 /* SourceModel.swift */; };
		CF12763E2876394100D2F308 /* NewsModel.swift in Sources */ = {isa = PBXBuildFile; fileRef = CF12763D2876394100D2F308 /* NewsModel.swift */; };
		CF12764128763A4500D2F308 /* NewsListRepository.swift in Sources */ = {isa = PBXBuildFile; fileRef = CF12764028763A4500D2F308 /* NewsListRepository.swift */; };
		CF640D4A2874F918004BE588 /* AppDelegate.swift in Sources */ = {isa = PBXBuildFile; fileRef = CF640D492874F918004BE588 /* AppDelegate.swift */; };
		CF640D4C2874F918004BE588 /* SceneDelegate.swift in Sources */ = {isa = PBXBuildFile; fileRef = CF640D4B2874F918004BE588 /* SceneDelegate.swift */; };
		CF640D4E2874F918004BE588 /* ViewController.swift in Sources */ = {isa = PBXBuildFile; fileRef = CF640D4D2874F918004BE588 /* ViewController.swift */; };
		CF640D512874F918004BE588 /* Main.storyboard in Resources */ = {isa = PBXBuildFile; fileRef = CF640D4F2874F918004BE588 /* Main.storyboard */; };
		CF640D532874F919004BE588 /* Assets.xcassets in Resources */ = {isa = PBXBuildFile; fileRef = CF640D522874F919004BE588 /* Assets.xcassets */; };
		CF640D562874F919004BE588 /* LaunchScreen.storyboard in Resources */ = {isa = PBXBuildFile; fileRef = CF640D542874F919004BE588 /* LaunchScreen.storyboard */; };
/* End PBXBuildFile section */

/* Begin PBXFileReference section */
		CF1276392876384000D2F308 /* NewsList.json */ = {isa = PBXFileReference; lastKnownFileType = text.json; path = NewsList.json; sourceTree = "<group>"; };
		CF12763B287638E300D2F308 /* SourceModel.swift */ = {isa = PBXFileReference; lastKnownFileType = sourcecode.swift; path = SourceModel.swift; sourceTree = "<group>"; };
		CF12763D2876394100D2F308 /* NewsModel.swift */ = {isa = PBXFileReference; lastKnownFileType = sourcecode.swift; path = NewsModel.swift; sourceTree = "<group>"; };
		CF12764028763A4500D2F308 /* NewsListRepository.swift */ = {isa = PBXFileReference; lastKnownFileType = sourcecode.swift; path = NewsListRepository.swift; sourceTree = "<group>"; };
		CF640D462874F918004BE588 /* DioNews.app */ = {isa = PBXFileReference; explicitFileType = wrapper.application; includeInIndex = 0; path = DioNews.app; sourceTree = BUILT_PRODUCTS_DIR; };
		CF640D492874F918004BE588 /* AppDelegate.swift */ = {isa = PBXFileReference; lastKnownFileType = sourcecode.swift; path = AppDelegate.swift; sourceTree = "<group>"; };
		CF640D4B2874F918004BE588 /* SceneDelegate.swift */ = {isa = PBXFileReference; lastKnownFileType = sourcecode.swift; path = SceneDelegate.swift; sourceTree = "<group>"; };
		CF640D4D2874F918004BE588 /* ViewController.swift */ = {isa = PBXFileReference; lastKnownFileType = sourcecode.swift; path = ViewController.swift; sourceTree = "<group>"; };
		CF640D502874F918004BE588 /* Base */ = {isa = PBXFileReference; lastKnownFileType = file.storyboard; name = Base; path = Base.lproj/Main.storyboard; sourceTree = "<group>"; };
		CF640D522874F919004BE588 /* Assets.xcassets */ = {isa = PBXFileReference; lastKnownFileType = folder.assetcatalog; path = Assets.xcassets; sourceTree = "<group>"; };
		CF640D552874F919004BE588 /* Base */ = {isa = PBXFileReference; lastKnownFileType = file.storyboard; name = Base; path = Base.lproj/LaunchScreen.storyboard; sourceTree = "<group>"; };
		CF640D572874F919004BE588 /* Info.plist */ = {isa = PBXFileReference; lastKnownFileType = text.plist.xml; path = Info.plist; sourceTree = "<group>"; };
/* End PBXFileReference section */

/* Begin PBXFrameworksBuildPhase section */
		CF640D432874F918004BE588 /* Frameworks */ = {
			isa = PBXFrameworksBuildPhase;
			buildActionMask = 2147483647;
			files = (
			);
			runOnlyForDeploymentPostprocessing = 0;
		};
/* End PBXFrameworksBuildPhase section */

/* Begin PBXGroup section */
		CF1276362876348900D2F308 /* SupportingFiles */ = {
			isa = PBXGroup;
			children = (
				CF640D492874F918004BE588 /* AppDelegate.swift */,
				CF640D4B2874F918004BE588 /* SceneDelegate.swift */,
				CF1276392876384000D2F308 /* NewsList.json */,
			);
			path = SupportingFiles;
			sourceTree = "<group>";
		};
		CF127637287634A400D2F308 /* Controllers */ = {
			isa = PBXGroup;
			children = (
				CF640D4D2874F918004BE588 /* ViewController.swift */,
			);
			path = Controllers;
			sourceTree = "<group>";
		};
		CF127638287634B900D2F308 /* Views */ = {
			isa = PBXGroup;
			children = (
				CF640D4F2874F918004BE588 /* Main.storyboard */,
				CF640D542874F919004BE588 /* LaunchScreen.storyboard */,
			);
			path = Views;
			sourceTree = "<group>";
		};
		CF12763A287638A200D2F308 /* Models */ = {
			isa = PBXGroup;
			children = (
				CF12763B287638E300D2F308 /* SourceModel.swift */,
				CF12763D2876394100D2F308 /* NewsModel.swift */,
			);
			path = Models;
			sourceTree = "<group>";
		};
		CF12763F28763A1500D2F308 /* LocalRepository */ = {
			isa = PBXGroup;
			children = (
				CF12764028763A4500D2F308 /* NewsListRepository.swift */,
			);
			path = LocalRepository;
			sourceTree = "<group>";
		};
		CF640D3D2874F918004BE588 = {
			isa = PBXGroup;
			children = (
				CF640D482874F918004BE588 /* DioNews */,
				CF640D472874F918004BE588 /* Products */,
			);
			sourceTree = "<group>";
		};
		CF640D472874F918004BE588 /* Products */ = {
			isa = PBXGroup;
			children = (
				CF640D462874F918004BE588 /* DioNews.app */,
			);
			name = Products;
			sourceTree = "<group>";
		};
		CF640D482874F918004BE588 /* DioNews */ = {
			isa = PBXGroup;
			children = (
				CF12763F28763A1500D2F308 /* LocalRepository */,
				CF12763A287638A200D2F308 /* Models */,
				CF127638287634B900D2F308 /* Views */,
				CF127637287634A400D2F308 /* Controllers */,
				CF1276362876348900D2F308 /* SupportingFiles */,
				CF640D522874F919004BE588 /* Assets.xcassets */,
				CF640D572874F919004BE588 /* Info.plist */,
			);
			path = DioNews;
			sourceTree = "<group>";
		};
/* End PBXGroup section */

/* Begin PBXNativeTarget section */
		CF640D452874F918004BE588 /* DioNews */ = {
			isa = PBXNativeTarget;
			buildConfigurationList = CF640D5A2874F919004BE588 /* Build configuration list for PBXNativeTarget "DioNews" */;
			buildPhases = (
				CF640D422874F918004BE588 /* Sources */,
				CF640D432874F918004BE588 /* Frameworks */,
				CF640D442874F918004BE588 /* Resources */,
			);
			buildRules = (
			);
			dependencies = (
			);
			name = DioNews;
			productName = DioNews;
			productReference = CF640D462874F918004BE588 /* DioNews.app */;
			productType = "com.apple.product-type.application";
		};
/* End PBXNativeTarget section */

/* Begin PBXProject section */
		CF640D3E2874F918004BE588 /* Project object */ = {
			isa = PBXProject;
			attributes = {
				BuildIndependentTargetsInParallel = 1;
				LastSwiftUpdateCheck = 1340;
				LastUpgradeCheck = 1340;
				TargetAttributes = {
					CF640D452874F918004BE588 = {
						CreatedOnToolsVersion = 13.4.1;
					};
				};
			};
			buildConfigurationList = CF640D412874F918004BE588 /* Build configuration list for PBXProject "DioNews" */;
			compatibilityVersion = "Xcode 13.0";
			developmentRegion = en;
			hasScannedForEncodings = 0;
			knownRegions = (
				en,
				Base,
			);
			mainGroup = CF640D3D2874F918004BE588;
			productRefGroup = CF640D472874F918004BE588 /* Products */;
			projectDirPath = "";
			projectRoot = "";
			targets = (
				CF640D452874F918004BE588 /* DioNews */,
			);
		};
/* End PBXProject section */

/* Begin PBXResourcesBuildPhase section */
		CF640D442874F918004BE588 /* Resources */ = {
			isa = PBXResourcesBuildPhase;
			buildActionMask = 2147483647;
			files = (
				CF640D562874F919004BE588 /* LaunchScreen.storyboard in Resources */,
				CF640D532874F919004BE588 /* Assets.xcassets in Resources */,
				CF640D512874F918004BE588 /* Main.storyboard in Resources */,
			);
			runOnlyForDeploymentPostprocessing = 0;
		};
/* End PBXResourcesBuildPhase section */

/* Begin PBXSourcesBuildPhase section */
		CF640D422874F918004BE588 /* Sources */ = {
			isa = PBXSourcesBuildPhase;
			buildActionMask = 2147483647;
			files = (
				CF640D4E2874F918004BE588 /* ViewController.swift in Sources */,
				CF640D4A2874F918004BE588 /* AppDelegate.swift in Sources */,
				CF12763C287638E300D2F308 /* SourceModel.swift in Sources */,
				CF640D4C2874F918004BE588 /* SceneDelegate.swift in Sources */,
				CF12764128763A4500D2F308 /* NewsListRepository.swift in Sources */,
				CF12763E2876394100D2F308 /* NewsModel.swift in Sources */,
			);
			runOnlyForDeploymentPostprocessing = 0;
		};
/* End PBXSourcesBuildPhase section */

/* Begin PBXVariantGroup section */
		CF640D4F2874F918004BE588 /* Main.storyboard */ = {
			isa = PBXVariantGroup;
			children = (
				CF640D502874F918004BE588 /* Base */,
			);
			name = Main.storyboard;
			sourceTree = "<group>";
		};
		CF640D542874F919004BE588 /* LaunchScreen.storyboard */ = {
			isa = PBXVariantGroup;
			children = (
				CF640D552874F919004BE588 /* Base */,
			);
			name = LaunchScreen.storyboard;
			sourceTree = "<group>";
		};
/* End PBXVariantGroup section */

/* Begin XCBuildConfiguration section */
		CF640D582874F919004BE588 /* Debug */ = {
			isa = XCBuildConfiguration;
			buildSettings = {
				ALWAYS_SEARCH_USER_PATHS = NO;
				CLANG_ANALYZER_NONNULL = YES;
				CLANG_ANALYZER_NUMBER_OBJECT_CONVERSION = YES_AGGRESSIVE;
				CLANG_CXX_LANGUAGE_STANDARD = "gnu++17";
				CLANG_ENABLE_MODULES = YES;
				CLANG_ENABLE_OBJC_ARC = YES;
				CLANG_ENABLE_OBJC_WEAK = YES;
				CLANG_WARN_BLOCK_CAPTURE_AUTORELEASING = YES;
				CLANG_WARN_BOOL_CONVERSION = YES;
				CLANG_WARN_COMMA = YES;
				CLANG_WARN_CONSTANT_CONVERSION = YES;
				CLANG_WARN_DEPRECATED_OBJC_IMPLEMENTATIONS = YES;
				CLANG_WARN_DIRECT_OBJC_ISA_USAGE = YES_ERROR;
				CLANG_WARN_DOCUMENTATION_COMMENTS = YES;
				CLANG_WARN_EMPTY_BODY = YES;
				CLANG_WARN_ENUM_CONVERSION = YES;
				CLANG_WARN_INFINITE_RECURSION = YES;
				CLANG_WARN_INT_CONVERSION = YES;
				CLANG_WARN_NON_LITERAL_NULL_CONVERSION = YES;
				CLANG_WARN_OBJC_IMPLICIT_RETAIN_SELF = YES;
				CLANG_WARN_OBJC_LITERAL_CONVERSION = YES;
				CLANG_WARN_OBJC_ROOT_CLASS = YES_ERROR;
				CLANG_WARN_QUOTED_INCLUDE_IN_FRAMEWORK_HEADER = YES;
				CLANG_WARN_RANGE_LOOP_ANALYSIS = YES;
				CLANG_WARN_STRICT_PROTOTYPES = YES;
				CLANG_WARN_SUSPICIOUS_MOVE = YES;
				CLANG_WARN_UNGUARDED_AVAILABILITY = YES_AGGRESSIVE;
				CLANG_WARN_UNREACHABLE_CODE = YES;
				CLANG_WARN__DUPLICATE_METHOD_MATCH = YES;
				COPY_PHASE_STRIP = NO;
				DEBUG_INFORMATION_FORMAT = dwarf;
				ENABLE_STRICT_OBJC_MSGSEND = YES;
				ENABLE_TESTABILITY = YES;
				GCC_C_LANGUAGE_STANDARD = gnu11;
				GCC_DYNAMIC_NO_PIC = NO;
				GCC_NO_COMMON_BLOCKS = YES;
				GCC_OPTIMIZATION_LEVEL = 0;
				GCC_PREPROCESSOR_DEFINITIONS = (
					"DEBUG=1",
					"$(inherited)",
				);
				GCC_WARN_64_TO_32_BIT_CONVERSION = YES;
				GCC_WARN_ABOUT_RETURN_TYPE = YES_ERROR;
				GCC_WARN_UNDECLARED_SELECTOR = YES;
				GCC_WARN_UNINITIALIZED_AUTOS = YES_AGGRESSIVE;
				GCC_WARN_UNUSED_FUNCTION = YES;
				GCC_WARN_UNUSED_VARIABLE = YES;
				IPHONEOS_DEPLOYMENT_TARGET = 15.5;
				MTL_ENABLE_DEBUG_INFO = INCLUDE_SOURCE;
				MTL_FAST_MATH = YES;
				ONLY_ACTIVE_ARCH = YES;
				SDKROOT = iphoneos;
				SWIFT_ACTIVE_COMPILATION_CONDITIONS = DEBUG;
				SWIFT_OPTIMIZATION_LEVEL = "-Onone";
			};
			name = Debug;
		};
		CF640D592874F919004BE588 /* Release */ = {
			isa = XCBuildConfiguration;
			buildSettings = {
				ALWAYS_SEARCH_USER_PATHS = NO;
				CLANG_ANALYZER_NONNULL = YES;
				CLANG_ANALYZER_NUMBER_OBJECT_CONVERSION = YES_AGGRESSIVE;
				CLANG_CXX_LANGUAGE_STANDARD = "gnu++17";
				CLANG_ENABLE_MODULES = YES;
				CLANG_ENABLE_OBJC_ARC = YES;
				CLANG_ENABLE_OBJC_WEAK = YES;
				CLANG_WARN_BLOCK_CAPTURE_AUTORELEASING = YES;
				CLANG_WARN_BOOL_CONVERSION = YES;
				CLANG_WARN_COMMA = YES;
				CLANG_WARN_CONSTANT_CONVERSION = YES;
				CLANG_WARN_DEPRECATED_OBJC_IMPLEMENTATIONS = YES;
				CLANG_WARN_DIRECT_OBJC_ISA_USAGE = YES_ERROR;
				CLANG_WARN_DOCUMENTATION_COMMENTS = YES;
				CLANG_WARN_EMPTY_BODY = YES;
				CLANG_WARN_ENUM_CONVERSION = YES;
				CLANG_WARN_INFINITE_RECURSION = YES;
				CLANG_WARN_INT_CONVERSION = YES;
				CLANG_WARN_NON_LITERAL_NULL_CONVERSION = YES;
				CLANG_WARN_OBJC_IMPLICIT_RETAIN_SELF = YES;
				CLANG_WARN_OBJC_LITERAL_CONVERSION = YES;
				CLANG_WARN_OBJC_ROOT_CLASS = YES_ERROR;
				CLANG_WARN_QUOTED_INCLUDE_IN_FRAMEWORK_HEADER = YES;
				CLANG_WARN_RANGE_LOOP_ANALYSIS = YES;
				CLANG_WARN_STRICT_PROTOTYPES = YES;
				CLANG_WARN_SUSPICIOUS_MOVE = YES;
				CLANG_WARN_UNGUARDED_AVAILABILITY = YES_AGGRESSIVE;
				CLANG_WARN_UNREACHABLE_CODE = YES;
				CLANG_WARN__DUPLICATE_METHOD_MATCH = YES;
				COPY_PHASE_STRIP = NO;
				DEBUG_INFORMATION_FORMAT = "dwarf-with-dsym";
				ENABLE_NS_ASSERTIONS = NO;
				ENABLE_STRICT_OBJC_MSGSEND = YES;
				GCC_C_LANGUAGE_STANDARD = gnu11;
				GCC_NO_COMMON_BLOCKS = YES;
				GCC_WARN_64_TO_32_BIT_CONVERSION = YES;
				GCC_WARN_ABOUT_RETURN_TYPE = YES_ERROR;
				GCC_WARN_UNDECLARED_SELECTOR = YES;
				GCC_WARN_UNINITIALIZED_AUTOS = YES_AGGRESSIVE;
				GCC_WARN_UNUSED_FUNCTION = YES;
				GCC_WARN_UNUSED_VARIABLE = YES;
				IPHONEOS_DEPLOYMENT_TARGET = 15.5;
				MTL_ENABLE_DEBUG_INFO = NO;
				MTL_FAST_MATH = YES;
				SDKROOT = iphoneos;
				SWIFT_COMPILATION_MODE = wholemodule;
				SWIFT_OPTIMIZATION_LEVEL = "-O";
				VALIDATE_PRODUCT = YES;
			};
			name = Release;
		};
		CF640D5B2874F919004BE588 /* Debug */ = {
			isa = XCBuildConfiguration;
			buildSettings = {
				ASSETCATALOG_COMPILER_APPICON_NAME = AppIcon;
				ASSETCATALOG_COMPILER_GLOBAL_ACCENT_COLOR_NAME = AccentColor;
				CODE_SIGN_STYLE = Automatic;
				CURRENT_PROJECT_VERSION = 1;
				GENERATE_INFOPLIST_FILE = YES;
				INFOPLIST_FILE = DioNews/Info.plist;
				INFOPLIST_KEY_UIApplicationSupportsIndirectInputEvents = YES;
				INFOPLIST_KEY_UILaunchStoryboardName = LaunchScreen;
				INFOPLIST_KEY_UIMainStoryboardFile = Main;
				INFOPLIST_KEY_UISupportedInterfaceOrientations_iPad = "UIInterfaceOrientationPortrait UIInterfaceOrientationPortraitUpsideDown UIInterfaceOrientationLandscapeLeft UIInterfaceOrientationLandscapeRight";
				INFOPLIST_KEY_UISupportedInterfaceOrientations_iPhone = "UIInterfaceOrientationPortrait UIInterfaceOrientationLandscapeLeft UIInterfaceOrientationLandscapeRight";
				LD_RUNPATH_SEARCH_PATHS = (
					"$(inherited)",
					"@executable_path/Frameworks",
				);
				MARKETING_VERSION = 1.0;
				PRODUCT_BUNDLE_IDENTIFIER = kauekaj.DioNews;
				PRODUCT_NAME = "$(TARGET_NAME)";
				SWIFT_EMIT_LOC_STRINGS = YES;
				SWIFT_VERSION = 5.0;
				TARGETED_DEVICE_FAMILY = "1,2";
			};
			name = Debug;
		};
		CF640D5C2874F919004BE588 /* Release */ = {
			isa = XCBuildConfiguration;
			buildSettings = {
				ASSETCATALOG_COMPILER_APPICON_NAME = AppIcon;
				ASSETCATALOG_COMPILER_GLOBAL_ACCENT_COLOR_NAME = AccentColor;
				CODE_SIGN_STYLE = Automatic;
				CURRENT_PROJECT_VERSION = 1;
				GENERATE_INFOPLIST_FILE = YES;
				INFOPLIST_FILE = DioNews/Info.plist;
				INFOPLIST_KEY_UIApplicationSupportsIndirectInputEvents = YES;
				INFOPLIST_KEY_UILaunchStoryboardName = LaunchScreen;
				INFOPLIST_KEY_UIMainStoryboardFile = Main;
				INFOPLIST_KEY_UISupportedInterfaceOrientations_iPad = "UIInterfaceOrientationPortrait UIInterfaceOrientationPortraitUpsideDown UIInterfaceOrientationLandscapeLeft UIInterfaceOrientationLandscapeRight";
				INFOPLIST_KEY_UISupportedInterfaceOrientations_iPhone = "UIInterfaceOrientationPortrait UIInterfaceOrientationLandscapeLeft UIInterfaceOrientationLandscapeRight";
				LD_RUNPATH_SEARCH_PATHS = (
					"$(inherited)",
					"@executable_path/Frameworks",
				);
				MARKETING_VERSION = 1.0;
				PRODUCT_BUNDLE_IDENTIFIER = kauekaj.DioNews;
				PRODUCT_NAME = "$(TARGET_NAME)";
				SWIFT_EMIT_LOC_STRINGS = YES;
				SWIFT_VERSION = 5.0;
				TARGETED_DEVICE_FAMILY = "1,2";
			};
			name = Release;
		};
/* End XCBuildConfiguration section */

/* Begin XCConfigurationList section */
		CF640D412874F918004BE588 /* Build configuration list for PBXProject "DioNews" */ = {
			isa = XCConfigurationList;
			buildConfigurations = (
				CF640D582874F919004BE588 /* Debug */,
				CF640D592874F919004BE588 /* Release */,
			);
			defaultConfigurationIsVisible = 0;
			defaultConfigurationName = Release;
		};
		CF640D5A2874F919004BE588 /* Build configuration list for PBXNativeTarget "DioNews" */ = {
			isa = XCConfigurationList;
			buildConfigurations = (
				CF640D5B2874F919004BE588 /* Debug */,
				CF640D5C2874F919004BE588 /* Release */,
			);
			defaultConfigurationIsVisible = 0;
			defaultConfigurationName = Release;
		};
/* End XCConfigurationList section */
	};
	rootObject = CF640D3E2874F918004BE588 /* Project object */;
}
