// !$*UTF8*$!
{
	archiveVersion = 1;
	classes = {
	};
	objectVersion = 55;
	objects = {

/* Begin PBXBuildFile section */
		CF47A31B287E1BD900A9E2D0 /* AppDelegate.swift in Sources */ = {isa = PBXBuildFile; fileRef = CF47A31A287E1BD900A9E2D0 /* AppDelegate.swift */; };
		CF47A31D287E1BD900A9E2D0 /* SceneDelegate.swift in Sources */ = {isa = PBXBuildFile; fileRef = CF47A31C287E1BD900A9E2D0 /* SceneDelegate.swift */; };
		CF47A31F287E1BD900A9E2D0 /* ViewController.swift in Sources */ = {isa = PBXBuildFile; fileRef = CF47A31E287E1BD900A9E2D0 /* ViewController.swift */; };
		CF47A324287E1BDA00A9E2D0 /* Assets.xcassets in Resources */ = {isa = PBXBuildFile; fileRef = CF47A323287E1BDA00A9E2D0 /* Assets.xcassets */; };
		CF47A327287E1BDA00A9E2D0 /* LaunchScreen.storyboard in Resources */ = {isa = PBXBuildFile; fileRef = CF47A325287E1BDA00A9E2D0 /* LaunchScreen.storyboard */; };
		CF47A32F287E1C3000A9E2D0 /* Lembrete.swift in Sources */ = {isa = PBXBuildFile; fileRef = CF47A32E287E1C3000A9E2D0 /* Lembrete.swift */; };
		CF47A331287E1C3C00A9E2D0 /* LembreteCell.swift in Sources */ = {isa = PBXBuildFile; fileRef = CF47A330287E1C3C00A9E2D0 /* LembreteCell.swift */; };
		CF47A333287E1C4E00A9E2D0 /* Main.storyboard in Resources */ = {isa = PBXBuildFile; fileRef = CF47A332287E1C4E00A9E2D0 /* Main.storyboard */; };
		CF47A335287E2D5D00A9E2D0 /* DetalheLembreteViewController.swift in Sources */ = {isa = PBXBuildFile; fileRef = CF47A334287E2D5D00A9E2D0 /* DetalheLembreteViewController.swift */; };
		CF47A337287E398C00A9E2D0 /* LembreteDataSource.swift in Sources */ = {isa = PBXBuildFile; fileRef = CF47A336287E398C00A9E2D0 /* LembreteDataSource.swift */; };
		CF47A339287E3B7300A9E2D0 /* DetalheLembreteDataSource.swift in Sources */ = {isa = PBXBuildFile; fileRef = CF47A338287E3B7300A9E2D0 /* DetalheLembreteDataSource.swift */; };
/* End PBXBuildFile section */

/* Begin PBXFileReference section */
		CF47A317287E1BD900A9E2D0 /* AppMVCTodayDIO.app */ = {isa = PBXFileReference; explicitFileType = wrapper.application; includeInIndex = 0; path = AppMVCTodayDIO.app; sourceTree = BUILT_PRODUCTS_DIR; };
		CF47A31A287E1BD900A9E2D0 /* AppDelegate.swift */ = {isa = PBXFileReference; lastKnownFileType = sourcecode.swift; path = AppDelegate.swift; sourceTree = "<group>"; };
		CF47A31C287E1BD900A9E2D0 /* SceneDelegate.swift */ = {isa = PBXFileReference; lastKnownFileType = sourcecode.swift; path = SceneDelegate.swift; sourceTree = "<group>"; };
		CF47A31E287E1BD900A9E2D0 /* ViewController.swift */ = {isa = PBXFileReference; lastKnownFileType = sourcecode.swift; path = ViewController.swift; sourceTree = "<group>"; };
		CF47A323287E1BDA00A9E2D0 /* Assets.xcassets */ = {isa = PBXFileReference; lastKnownFileType = folder.assetcatalog; path = Assets.xcassets; sourceTree = "<group>"; };
		CF47A326287E1BDA00A9E2D0 /* Base */ = {isa = PBXFileReference; lastKnownFileType = file.storyboard; name = Base; path = Base.lproj/LaunchScreen.storyboard; sourceTree = "<group>"; };
		CF47A328287E1BDA00A9E2D0 /* Info.plist */ = {isa = PBXFileReference; lastKnownFileType = text.plist.xml; path = Info.plist; sourceTree = "<group>"; };
		CF47A32E287E1C3000A9E2D0 /* Lembrete.swift */ = {isa = PBXFileReference; fileEncoding = 4; lastKnownFileType = sourcecode.swift; path = Lembrete.swift; sourceTree = "<group>"; };
		CF47A330287E1C3C00A9E2D0 /* LembreteCell.swift */ = {isa = PBXFileReference; fileEncoding = 4; lastKnownFileType = sourcecode.swift; path = LembreteCell.swift; sourceTree = "<group>"; };
		CF47A332287E1C4E00A9E2D0 /* Main.storyboard */ = {isa = PBXFileReference; fileEncoding = 4; lastKnownFileType = file.storyboard; path = Main.storyboard; sourceTree = "<group>"; };
		CF47A334287E2D5D00A9E2D0 /* DetalheLembreteViewController.swift */ = {isa = PBXFileReference; lastKnownFileType = sourcecode.swift; path = DetalheLembreteViewController.swift; sourceTree = "<group>"; };
		CF47A336287E398C00A9E2D0 /* LembreteDataSource.swift */ = {isa = PBXFileReference; lastKnownFileType = sourcecode.swift; path = LembreteDataSource.swift; sourceTree = "<group>"; };
		CF47A338287E3B7300A9E2D0 /* DetalheLembreteDataSource.swift */ = {isa = PBXFileReference; lastKnownFileType = sourcecode.swift; path = DetalheLembreteDataSource.swift; sourceTree = "<group>"; };
/* End PBXFileReference section */

/* Begin PBXFrameworksBuildPhase section */
		CF47A314287E1BD900A9E2D0 /* Frameworks */ = {
			isa = PBXFrameworksBuildPhase;
			buildActionMask = 2147483647;
			files = (
			);
			runOnlyForDeploymentPostprocessing = 0;
		};
/* End PBXFrameworksBuildPhase section */

/* Begin PBXGroup section */
		CF47A30E287E1BD900A9E2D0 = {
			isa = PBXGroup;
			children = (
				CF47A319287E1BD900A9E2D0 /* AppMVCTodayDIO */,
				CF47A318287E1BD900A9E2D0 /* Products */,
			);
			sourceTree = "<group>";
		};
		CF47A318287E1BD900A9E2D0 /* Products */ = {
			isa = PBXGroup;
			children = (
				CF47A317287E1BD900A9E2D0 /* AppMVCTodayDIO.app */,
			);
			name = Products;
			sourceTree = "<group>";
		};
		CF47A319287E1BD900A9E2D0 /* AppMVCTodayDIO */ = {
			isa = PBXGroup;
			children = (
				CF47A33A287E40A600A9E2D0 /* AppDelegate */,
				CF47A33D287E410200A9E2D0 /* Model */,
				CF47A33B287E40C400A9E2D0 /* View */,
				CF47A33C287E40DC00A9E2D0 /* ViewController */,
				CF47A325287E1BDA00A9E2D0 /* LaunchScreen.storyboard */,
				CF47A328287E1BDA00A9E2D0 /* Info.plist */,
				CF47A323287E1BDA00A9E2D0 /* Assets.xcassets */,
			);
			path = AppMVCTodayDIO;
			sourceTree = "<group>";
		};
		CF47A33A287E40A600A9E2D0 /* AppDelegate */ = {
			isa = PBXGroup;
			children = (
				CF47A31C287E1BD900A9E2D0 /* SceneDelegate.swift */,
				CF47A31A287E1BD900A9E2D0 /* AppDelegate.swift */,
			);
			path = AppDelegate;
			sourceTree = "<group>";
		};
		CF47A33B287E40C400A9E2D0 /* View */ = {
			isa = PBXGroup;
			children = (
				CF47A332287E1C4E00A9E2D0 /* Main.storyboard */,
				CF47A330287E1C3C00A9E2D0 /* LembreteCell.swift */,
			);
			path = View;
			sourceTree = "<group>";
		};
		CF47A33C287E40DC00A9E2D0 /* ViewController */ = {
			isa = PBXGroup;
			children = (
				CF47A33E287E414500A9E2D0 /* DataSource */,
				CF47A31E287E1BD900A9E2D0 /* ViewController.swift */,
				CF47A334287E2D5D00A9E2D0 /* DetalheLembreteViewController.swift */,
			);
			path = ViewController;
			sourceTree = "<group>";
		};
		CF47A33D287E410200A9E2D0 /* Model */ = {
			isa = PBXGroup;
			children = (
				CF47A32E287E1C3000A9E2D0 /* Lembrete.swift */,
			);
			path = Model;
			sourceTree = "<group>";
		};
		CF47A33E287E414500A9E2D0 /* DataSource */ = {
			isa = PBXGroup;
			children = (
				CF47A336287E398C00A9E2D0 /* LembreteDataSource.swift */,
				CF47A338287E3B7300A9E2D0 /* DetalheLembreteDataSource.swift */,
			);
			path = DataSource;
			sourceTree = "<group>";
		};
/* End PBXGroup section */

/* Begin PBXNativeTarget section */
		CF47A316287E1BD900A9E2D0 /* AppMVCTodayDIO */ = {
			isa = PBXNativeTarget;
			buildConfigurationList = CF47A32B287E1BDA00A9E2D0 /* Build configuration list for PBXNativeTarget "AppMVCTodayDIO" */;
			buildPhases = (
				CF47A313287E1BD900A9E2D0 /* Sources */,
				CF47A314287E1BD900A9E2D0 /* Frameworks */,
				CF47A315287E1BD900A9E2D0 /* Resources */,
			);
			buildRules = (
			);
			dependencies = (
			);
			name = AppMVCTodayDIO;
			productName = AppMVCTodayDIO;
			productReference = CF47A317287E1BD900A9E2D0 /* AppMVCTodayDIO.app */;
			productType = "com.apple.product-type.application";
		};
/* End PBXNativeTarget section */

/* Begin PBXProject section */
		CF47A30F287E1BD900A9E2D0 /* Project object */ = {
			isa = PBXProject;
			attributes = {
				BuildIndependentTargetsInParallel = 1;
				LastSwiftUpdateCheck = 1340;
				LastUpgradeCheck = 1340;
				TargetAttributes = {
					CF47A316287E1BD900A9E2D0 = {
						CreatedOnToolsVersion = 13.4.1;
					};
				};
			};
			buildConfigurationList = CF47A312287E1BD900A9E2D0 /* Build configuration list for PBXProject "AppMVCTodayDIO" */;
			compatibilityVersion = "Xcode 13.0";
			developmentRegion = en;
			hasScannedForEncodings = 0;
			knownRegions = (
				en,
				Base,
			);
			mainGroup = CF47A30E287E1BD900A9E2D0;
			productRefGroup = CF47A318287E1BD900A9E2D0 /* Products */;
			projectDirPath = "";
			projectRoot = "";
			targets = (
				CF47A316287E1BD900A9E2D0 /* AppMVCTodayDIO */,
			);
		};
/* End PBXProject section */

/* Begin PBXResourcesBuildPhase section */
		CF47A315287E1BD900A9E2D0 /* Resources */ = {
			isa = PBXResourcesBuildPhase;
			buildActionMask = 2147483647;
			files = (
				CF47A327287E1BDA00A9E2D0 /* LaunchScreen.storyboard in Resources */,
				CF47A324287E1BDA00A9E2D0 /* Assets.xcassets in Resources */,
				CF47A333287E1C4E00A9E2D0 /* Main.storyboard in Resources */,
			);
			runOnlyForDeploymentPostprocessing = 0;
		};
/* End PBXResourcesBuildPhase section */

/* Begin PBXSourcesBuildPhase section */
		CF47A313287E1BD900A9E2D0 /* Sources */ = {
			isa = PBXSourcesBuildPhase;
			buildActionMask = 2147483647;
			files = (
				CF47A337287E398C00A9E2D0 /* LembreteDataSource.swift in Sources */,
				CF47A31F287E1BD900A9E2D0 /* ViewController.swift in Sources */,
				CF47A32F287E1C3000A9E2D0 /* Lembrete.swift in Sources */,
				CF47A31B287E1BD900A9E2D0 /* AppDelegate.swift in Sources */,
				CF47A339287E3B7300A9E2D0 /* DetalheLembreteDataSource.swift in Sources */,
				CF47A331287E1C3C00A9E2D0 /* LembreteCell.swift in Sources */,
				CF47A335287E2D5D00A9E2D0 /* DetalheLembreteViewController.swift in Sources */,
				CF47A31D287E1BD900A9E2D0 /* SceneDelegate.swift in Sources */,
			);
			runOnlyForDeploymentPostprocessing = 0;
		};
/* End PBXSourcesBuildPhase section */

/* Begin PBXVariantGroup section */
		CF47A325287E1BDA00A9E2D0 /* LaunchScreen.storyboard */ = {
			isa = PBXVariantGroup;
			children = (
				CF47A326287E1BDA00A9E2D0 /* Base */,
			);
			name = LaunchScreen.storyboard;
			sourceTree = "<group>";
		};
/* End PBXVariantGroup section */

/* Begin XCBuildConfiguration section */
		CF47A329287E1BDA00A9E2D0 /* Debug */ = {
			isa = XCBuildConfiguration;
			buildSettings = {
				ALWAYS_SEARCH_USER_PATHS = NO;
				CLANG_ANALYZER_NONNULL = YES;
				CLANG_ANALYZER_NUMBER_OBJECT_CONVERSION = YES_AGGRESSIVE;
				CLANG_CXX_LANGUAGE_STANDARD = "gnu++17";
				CLANG_ENABLE_MODULES = YES;
				CLANG_ENABLE_OBJC_ARC = YES;
				CLANG_ENABLE_OBJC_WEAK = YES;
				CLANG_WARN_BLOCK_CAPTURE_AUTORELEASING = YES;
				CLANG_WARN_BOOL_CONVERSION = YES;
				CLANG_WARN_COMMA = YES;
				CLANG_WARN_CONSTANT_CONVERSION = YES;
				CLANG_WARN_DEPRECATED_OBJC_IMPLEMENTATIONS = YES;
				CLANG_WARN_DIRECT_OBJC_ISA_USAGE = YES_ERROR;
				CLANG_WARN_DOCUMENTATION_COMMENTS = YES;
				CLANG_WARN_EMPTY_BODY = YES;
				CLANG_WARN_ENUM_CONVERSION = YES;
				CLANG_WARN_INFINITE_RECURSION = YES;
				CLANG_WARN_INT_CONVERSION = YES;
				CLANG_WARN_NON_LITERAL_NULL_CONVERSION = YES;
				CLANG_WARN_OBJC_IMPLICIT_RETAIN_SELF = YES;
				CLANG_WARN_OBJC_LITERAL_CONVERSION = YES;
				CLANG_WARN_OBJC_ROOT_CLASS = YES_ERROR;
				CLANG_WARN_QUOTED_INCLUDE_IN_FRAMEWORK_HEADER = YES;
				CLANG_WARN_RANGE_LOOP_ANALYSIS = YES;
				CLANG_WARN_STRICT_PROTOTYPES = YES;
				CLANG_WARN_SUSPICIOUS_MOVE = YES;
				CLANG_WARN_UNGUARDED_AVAILABILITY = YES_AGGRESSIVE;
				CLANG_WARN_UNREACHABLE_CODE = YES;
				CLANG_WARN__DUPLICATE_METHOD_MATCH = YES;
				COPY_PHASE_STRIP = NO;
				DEBUG_INFORMATION_FORMAT = dwarf;
				ENABLE_STRICT_OBJC_MSGSEND = YES;
				ENABLE_TESTABILITY = YES;
				GCC_C_LANGUAGE_STANDARD = gnu11;
				GCC_DYNAMIC_NO_PIC = NO;
				GCC_NO_COMMON_BLOCKS = YES;
				GCC_OPTIMIZATION_LEVEL = 0;
				GCC_PREPROCESSOR_DEFINITIONS = (
					"DEBUG=1",
					"$(inherited)",
				);
				GCC_WARN_64_TO_32_BIT_CONVERSION = YES;
				GCC_WARN_ABOUT_RETURN_TYPE = YES_ERROR;
				GCC_WARN_UNDECLARED_SELECTOR = YES;
				GCC_WARN_UNINITIALIZED_AUTOS = YES_AGGRESSIVE;
				GCC_WARN_UNUSED_FUNCTION = YES;
				GCC_WARN_UNUSED_VARIABLE = YES;
				IPHONEOS_DEPLOYMENT_TARGET = 15.5;
				MTL_ENABLE_DEBUG_INFO = INCLUDE_SOURCE;
				MTL_FAST_MATH = YES;
				ONLY_ACTIVE_ARCH = YES;
				SDKROOT = iphoneos;
				SWIFT_ACTIVE_COMPILATION_CONDITIONS = DEBUG;
				SWIFT_OPTIMIZATION_LEVEL = "-Onone";
			};
			name = Debug;
		};
		CF47A32A287E1BDA00A9E2D0 /* Release */ = {
			isa = XCBuildConfiguration;
			buildSettings = {
				ALWAYS_SEARCH_USER_PATHS = NO;
				CLANG_ANALYZER_NONNULL = YES;
				CLANG_ANALYZER_NUMBER_OBJECT_CONVERSION = YES_AGGRESSIVE;
				CLANG_CXX_LANGUAGE_STANDARD = "gnu++17";
				CLANG_ENABLE_MODULES = YES;
				CLANG_ENABLE_OBJC_ARC = YES;
				CLANG_ENABLE_OBJC_WEAK = YES;
				CLANG_WARN_BLOCK_CAPTURE_AUTORELEASING = YES;
				CLANG_WARN_BOOL_CONVERSION = YES;
				CLANG_WARN_COMMA = YES;
				CLANG_WARN_CONSTANT_CONVERSION = YES;
				CLANG_WARN_DEPRECATED_OBJC_IMPLEMENTATIONS = YES;
				CLANG_WARN_DIRECT_OBJC_ISA_USAGE = YES_ERROR;
				CLANG_WARN_DOCUMENTATION_COMMENTS = YES;
				CLANG_WARN_EMPTY_BODY = YES;
				CLANG_WARN_ENUM_CONVERSION = YES;
				CLANG_WARN_INFINITE_RECURSION = YES;
				CLANG_WARN_INT_CONVERSION = YES;
				CLANG_WARN_NON_LITERAL_NULL_CONVERSION = YES;
				CLANG_WARN_OBJC_IMPLICIT_RETAIN_SELF = YES;
				CLANG_WARN_OBJC_LITERAL_CONVERSION = YES;
				CLANG_WARN_OBJC_ROOT_CLASS = YES_ERROR;
				CLANG_WARN_QUOTED_INCLUDE_IN_FRAMEWORK_HEADER = YES;
				CLANG_WARN_RANGE_LOOP_ANALYSIS = YES;
				CLANG_WARN_STRICT_PROTOTYPES = YES;
				CLANG_WARN_SUSPICIOUS_MOVE = YES;
				CLANG_WARN_UNGUARDED_AVAILABILITY = YES_AGGRESSIVE;
				CLANG_WARN_UNREACHABLE_CODE = YES;
				CLANG_WARN__DUPLICATE_METHOD_MATCH = YES;
				COPY_PHASE_STRIP = NO;
				DEBUG_INFORMATION_FORMAT = "dwarf-with-dsym";
				ENABLE_NS_ASSERTIONS = NO;
				ENABLE_STRICT_OBJC_MSGSEND = YES;
				GCC_C_LANGUAGE_STANDARD = gnu11;
				GCC_NO_COMMON_BLOCKS = YES;
				GCC_WARN_64_TO_32_BIT_CONVERSION = YES;
				GCC_WARN_ABOUT_RETURN_TYPE = YES_ERROR;
				GCC_WARN_UNDECLARED_SELECTOR = YES;
				GCC_WARN_UNINITIALIZED_AUTOS = YES_AGGRESSIVE;
				GCC_WARN_UNUSED_FUNCTION = YES;
				GCC_WARN_UNUSED_VARIABLE = YES;
				IPHONEOS_DEPLOYMENT_TARGET = 15.5;
				MTL_ENABLE_DEBUG_INFO = NO;
				MTL_FAST_MATH = YES;
				SDKROOT = iphoneos;
				SWIFT_COMPILATION_MODE = wholemodule;
				SWIFT_OPTIMIZATION_LEVEL = "-O";
				VALIDATE_PRODUCT = YES;
			};
			name = Release;
		};
		CF47A32C287E1BDA00A9E2D0 /* Debug */ = {
			isa = XCBuildConfiguration;
			buildSettings = {
				ASSETCATALOG_COMPILER_APPICON_NAME = AppIcon;
				ASSETCATALOG_COMPILER_GLOBAL_ACCENT_COLOR_NAME = AccentColor;
				CODE_SIGN_STYLE = Automatic;
				CURRENT_PROJECT_VERSION = 1;
				GENERATE_INFOPLIST_FILE = YES;
				INFOPLIST_FILE = AppMVCTodayDIO/Info.plist;
				INFOPLIST_KEY_UIApplicationSupportsIndirectInputEvents = YES;
				INFOPLIST_KEY_UILaunchStoryboardName = LaunchScreen;
				INFOPLIST_KEY_UIMainStoryboardFile = Main;
				INFOPLIST_KEY_UISupportedInterfaceOrientations_iPad = "UIInterfaceOrientationPortrait UIInterfaceOrientationPortraitUpsideDown UIInterfaceOrientationLandscapeLeft UIInterfaceOrientationLandscapeRight";
				INFOPLIST_KEY_UISupportedInterfaceOrientations_iPhone = "UIInterfaceOrientationPortrait UIInterfaceOrientationLandscapeLeft UIInterfaceOrientationLandscapeRight";
				LD_RUNPATH_SEARCH_PATHS = (
					"$(inherited)",
					"@executable_path/Frameworks",
				);
				MARKETING_VERSION = 1.0;
				PRODUCT_BUNDLE_IDENTIFIER = kauekaj.AppMVCTodayDIO;
				PRODUCT_NAME = "$(TARGET_NAME)";
				SWIFT_EMIT_LOC_STRINGS = YES;
				SWIFT_VERSION = 5.0;
				TARGETED_DEVICE_FAMILY = "1,2";
			};
			name = Debug;
		};
		CF47A32D287E1BDA00A9E2D0 /* Release */ = {
			isa = XCBuildConfiguration;
			buildSettings = {
				ASSETCATALOG_COMPILER_APPICON_NAME = AppIcon;
				ASSETCATALOG_COMPILER_GLOBAL_ACCENT_COLOR_NAME = AccentColor;
				CODE_SIGN_STYLE = Automatic;
				CURRENT_PROJECT_VERSION = 1;
				GENERATE_INFOPLIST_FILE = YES;
				INFOPLIST_FILE = AppMVCTodayDIO/Info.plist;
				INFOPLIST_KEY_UIApplicationSupportsIndirectInputEvents = YES;
				INFOPLIST_KEY_UILaunchStoryboardName = LaunchScreen;
				INFOPLIST_KEY_UIMainStoryboardFile = Main;
				INFOPLIST_KEY_UISupportedInterfaceOrientations_iPad = "UIInterfaceOrientationPortrait UIInterfaceOrientationPortraitUpsideDown UIInterfaceOrientationLandscapeLeft UIInterfaceOrientationLandscapeRight";
				INFOPLIST_KEY_UISupportedInterfaceOrientations_iPhone = "UIInterfaceOrientationPortrait UIInterfaceOrientationLandscapeLeft UIInterfaceOrientationLandscapeRight";
				LD_RUNPATH_SEARCH_PATHS = (
					"$(inherited)",
					"@executable_path/Frameworks",
				);
				MARKETING_VERSION = 1.0;
				PRODUCT_BUNDLE_IDENTIFIER = kauekaj.AppMVCTodayDIO;
				PRODUCT_NAME = "$(TARGET_NAME)";
				SWIFT_EMIT_LOC_STRINGS = YES;
				SWIFT_VERSION = 5.0;
				TARGETED_DEVICE_FAMILY = "1,2";
			};
			name = Release;
		};
/* End XCBuildConfiguration section */

/* Begin XCConfigurationList section */
		CF47A312287E1BD900A9E2D0 /* Build configuration list for PBXProject "AppMVCTodayDIO" */ = {
			isa = XCConfigurationList;
			buildConfigurations = (
				CF47A329287E1BDA00A9E2D0 /* Debug */,
				CF47A32A287E1BDA00A9E2D0 /* Release */,
			);
			defaultConfigurationIsVisible = 0;
			defaultConfigurationName = Release;
		};
		CF47A32B287E1BDA00A9E2D0 /* Build configuration list for PBXNativeTarget "AppMVCTodayDIO" */ = {
			isa = XCConfigurationList;
			buildConfigurations = (
				CF47A32C287E1BDA00A9E2D0 /* Debug */,
				CF47A32D287E1BDA00A9E2D0 /* Release */,
			);
			defaultConfigurationIsVisible = 0;
			defaultConfigurationName = Release;
		};
/* End XCConfigurationList section */
	};
	rootObject = CF47A30F287E1BD900A9E2D0 /* Project object */;
}
